#MicroXplorer Configuration settings - do not modify
Mcu.Family=STM32F4
SPI6.Mode=SPI_MODE_SLAVE
PC3.Mode=Full_Duplex_Master
ProjectManager.MainLocation=Core/Src
PA6.Mode=Full_Duplex_Master
Dma.SPI4_RX.3.RequestParameters=Instance,Direction,PeriphInc,MemInc,PeriphDataAlignment,MemDataAlignment,Mode,Priority,FIFOMode
RCC.CortexFreq_Value=84000000
SPI3.Direction=SPI_DIRECTION_2LINES
SPI4.VirtualType=VM_SLAVE
SPI3.VirtualType=VM_SLAVE
ProjectManager.KeepUserCode=true
Mcu.UserName=STM32F429ZGTx
SPI1.VirtualType=VM_MASTER
SPI2.VirtualType=VM_MASTER
PB10.Mode=Full_Duplex_Master
Dma.SPI3_RX.2.Instance=DMA1_Stream0
RCC.PLLCLKFreq_Value=84000000
PC10.Signal=SPI3_SCK
PG0.Locked=true
PC12.Signal=SPI3_MOSI
RCC.PLLQCLKFreq_Value=42000000
PG0.Signal=GPIO_Output
SPI4.Direction=SPI_DIRECTION_2LINES
Dma.SPI5_RX.4.Priority=DMA_PRIORITY_LOW
ProjectManager.functionlistsort=1-MX_GPIO_Init-GPIO-false-HAL-true,2-MX_DMA_Init-DMA-false-HAL-true,3-SystemClock_Config-RCC-false-HAL-false,4-MX_SPI1_Init-SPI1-false-HAL-true,5-MX_SPI2_Init-SPI2-false-HAL-true,6-MX_SPI3_Init-SPI3-false-HAL-true,7-MX_SPI4_Init-SPI4-false-HAL-true,8-MX_SPI5_Init-SPI5-false-HAL-true,9-MX_SPI6_Init-SPI6-false-HAL-true,10-MX_UART4_Init-UART4-false-HAL-true
Dma.SPI2_TX.1.PeriphInc=DMA_PINC_DISABLE
RCC.RTCFreq_Value=32000
PA0/WKUP.Signal=UART4_TX
Dma.SPI3_RX.2.Direction=DMA_PERIPH_TO_MEMORY
Dma.SPI4_RX.3.PeriphDataAlignment=DMA_PDATAALIGN_BYTE
Dma.SPI5_RX.4.MemDataAlignment=DMA_MDATAALIGN_BYTE
NVIC.DMA1_Stream4_IRQn=true\:0\:0\:false\:false\:true\:false\:true
PG13.Signal=SPI6_SCK
PinOutPanel.RotationAngle=0
Dma.SPI5_RX.4.FIFOMode=DMA_FIFOMODE_DISABLE
Dma.SPI3_RX.2.PeriphDataAlignment=DMA_PDATAALIGN_BYTE
RCC.SYSCLKSource=RCC_SYSCLKSOURCE_PLLCLK
ProjectManager.StackSize=0x400
Dma.SPI5_RX.4.MemInc=DMA_MINC_ENABLE
RCC.SAI_BClocksFreq_Value=12250000
Dma.SPI2_TX.1.RequestParameters=Instance,Direction,PeriphInc,MemInc,PeriphDataAlignment,MemDataAlignment,Mode,Priority,FIFOMode
Mcu.IP4=SPI2
RCC.FCLKCortexFreq_Value=84000000
Mcu.IP5=SPI3
NVIC.SVCall_IRQn=true\:0\:0\:false\:false\:true\:false\:false
Mcu.IP2=RCC
Mcu.IP3=SPI1
Mcu.IP0=DMA
Mcu.IP1=NVIC
Mcu.UserConstants=
Dma.SPI1_RX.0.Direction=DMA_PERIPH_TO_MEMORY
SPI4.Mode=SPI_MODE_SLAVE
PF7.Signal=SPI5_SCK
RCC.LCDTFTFreq_Value=12250000
Mcu.ThirdPartyNb=0
SPI1.Direction=SPI_DIRECTION_2LINES
PH0/OSC_IN.Mode=HSE-External-Oscillator
RCC.HCLKFreq_Value=84000000
PE2.Mode=Full_Duplex_Slave
Mcu.IPNb=11
RCC.I2SClocksFreq_Value=96000000
ProjectManager.PreviousToolchain=
RCC.APB2TimFreq_Value=42000000
Dma.SPI6_RX.5.RequestParameters=Instance,Direction,PeriphInc,MemInc,PeriphDataAlignment,MemDataAlignment,Mode,Priority,FIFOMode
RCC.VcooutputI2S=96000000
SPI6.IPParameters=VirtualType,Mode,Direction
PH1/OSC_OUT.Signal=RCC_OSC_OUT
SPI1.CalculateBaudRate=5.25 MBits/s
PC3.Signal=SPI2_MOSI
Mcu.Pin6=PH0/OSC_IN
Mcu.Pin7=PH1/OSC_OUT
NVIC.DMA2_Stream0_IRQn=true\:0\:0\:false\:false\:true\:false\:true
PE5.Signal=SPI4_MISO
Mcu.Pin8=PC2
Mcu.Pin9=PC3
RCC.VCOSAIOutputFreq_Value=49000000
SPI4.IPParameters=VirtualType,Mode,Direction
RCC.AHBFreq_Value=84000000
SPI2.BaudRatePrescaler=SPI_BAUDRATEPRESCALER_2
Mcu.Pin0=PE2
Mcu.Pin1=PE5
GPIO.groupedBy=Group By Peripherals
Mcu.Pin2=PE6
Mcu.Pin3=PF7
Mcu.Pin4=PF8
Mcu.Pin5=PF9
ProjectManager.ProjectBuild=false
RCC.HSE_VALUE=25000000
NVIC.UsageFault_IRQn=true\:0\:0\:false\:false\:true\:false\:false
NVIC.DebugMonitor_IRQn=true\:0\:0\:false\:false\:true\:false\:false
PA4.GPIO_PuPd=GPIO_PULLUP
PA4.Locked=true
Mcu.IP10=UART4
NVIC.SysTick_IRQn=true\:0\:0\:false\:false\:true\:false\:true
Dma.SPI1_RX.0.PeriphInc=DMA_PINC_DISABLE
PG14.Mode=Full_Duplex_Slave
ProjectManager.FirmwarePackage=STM32Cube FW_F4 V1.26.1
MxDb.Version=DB.6.0.21
PF9.Mode=Full_Duplex_Master
ProjectManager.BackupPrevious=false
RCC.VCOInputFreq_Value=1000000
PA14.Mode=Serial_Wire
File.Version=6
SPI2.CalculateBaudRate=21.0 MBits/s
PE2.Signal=SPI4_SCK
Dma.SPI6_RX.5.FIFOMode=DMA_FIFOMODE_DISABLE
PF8.Mode=Full_Duplex_Master
PG13.Mode=Full_Duplex_Slave
NVIC.PendSV_IRQn=true\:0\:0\:false\:false\:true\:false\:false
PH1/OSC_OUT.Mode=HSE-External-Oscillator
Dma.RequestsNb=6
ProjectManager.HalAssertFull=false
PB0.Locked=true
Dma.SPI3_RX.2.FIFOMode=DMA_FIFOMODE_DISABLE
ProjectManager.ProjectName=f429
Dma.SPI2_TX.1.FIFOMode=DMA_FIFOMODE_DISABLE
RCC.MCO2PinFreq_Value=84000000
Mcu.Package=LQFP144
SPI5.BaudRatePrescaler=SPI_BAUDRATEPRESCALER_16
PB1.Signal=GPIO_Output
PA6.Signal=SPI1_MISO
Dma.SPI2_TX.1.Mode=DMA_NORMAL
SPI2.Mode=SPI_MODE_MASTER
SPI3.Mode=SPI_MODE_SLAVE
Dma.SPI6_RX.5.MemInc=DMA_MINC_ENABLE
ProjectManager.ToolChainLocation=
RCC.LSI_VALUE=32000
VP_SYS_VS_Systick.Signal=SYS_VS_Systick
Dma.SPI6_RX.5.Instance=DMA2_Stream6
Dma.SPI4_RX.3.Direction=DMA_PERIPH_TO_MEMORY
PF8.Signal=SPI5_MISO
Dma.SPI2_TX.1.Instance=DMA1_Stream4
PC11.Mode=Full_Duplex_Slave
Dma.SPI3_RX.2.PeriphInc=DMA_PINC_DISABLE
SPI5.CalculateBaudRate=1.3125 MBits/s
RCC.APB2CLKDivider=RCC_HCLK_DIV4
Dma.SPI3_RX.2.Priority=DMA_PRIORITY_LOW
Dma.Request2=SPI3_RX
Dma.Request1=SPI2_TX
Dma.SPI5_RX.4.PeriphInc=DMA_PINC_DISABLE
RCC.APB1TimFreq_Value=84000000
Dma.Request4=SPI5_RX
Dma.Request3=SPI4_RX
NVIC.BusFault_IRQn=true\:0\:0\:false\:false\:true\:false\:false
Dma.Request5=SPI6_RX
NVIC.DMA1_Stream0_IRQn=true\:0\:0\:false\:false\:true\:false\:true
SPI3.IPParameters=VirtualType,Mode,Direction
SPI2.Direction=SPI_DIRECTION_2LINES
Dma.SPI6_RX.5.Direction=DMA_PERIPH_TO_MEMORY
Dma.SPI1_RX.0.RequestParameters=Instance,Direction,PeriphInc,MemInc,PeriphDataAlignment,MemDataAlignment,Mode,Priority,FIFOMode
Dma.Request0=SPI1_RX
SPI1.BaudRatePrescaler=SPI_BAUDRATEPRESCALER_4
SPI5.VirtualType=VM_MASTER
ProjectManager.CustomerFirmwarePackage=
Dma.SPI6_RX.5.PeriphDataAlignment=DMA_PDATAALIGN_BYTE
RCC.SAI_AClocksFreq_Value=12250000
PA5.Mode=Full_Duplex_Master
PG12.Signal=SPI6_MISO
RCC.PLLSourceVirtual=RCC_PLLSOURCE_HSE
Dma.SPI2_TX.1.MemInc=DMA_MINC_ENABLE
Dma.SPI3_RX.2.RequestParameters=Instance,Direction,PeriphInc,MemInc,PeriphDataAlignment,MemDataAlignment,Mode,Priority,FIFOMode
ProjectManager.ProjectFileName=f429.ioc
PA7.Mode=Full_Duplex_Master
UART4.IPParameters=VirtualMode
Dma.SPI6_RX.5.Mode=DMA_NORMAL
Mcu.PinsNb=29
ProjectManager.NoMain=false
SPI1.IPParameters=VirtualType,Mode,Direction,CalculateBaudRate,BaudRatePrescaler
PC11.Signal=SPI3_MISO
Dma.SPI4_RX.3.Priority=DMA_PRIORITY_LOW
PC10.Mode=Full_Duplex_Slave
PC2.Signal=SPI2_MISO
ProjectManager.DefaultFWLocation=true
PC2.Mode=Full_Duplex_Master
RCC.VCOSAIOutputFreq_ValueQ=12250000
RCC.VCOSAIOutputFreq_ValueR=24500000
ProjectManager.DeletePrevious=true
Dma.SPI1_RX.0.Mode=DMA_NORMAL
RCC.APB1CLKDivider=RCC_HCLK_DIV2
UART4.VirtualMode=Asynchronous
Dma.SPI4_RX.3.FIFOMode=DMA_FIFOMODE_DISABLE
SPI5.Mode=SPI_MODE_MASTER
RCC.FamilyName=M
Dma.SPI5_RX.4.RequestParameters=Instance,Direction,PeriphInc,MemInc,PeriphDataAlignment,MemDataAlignment,Mode,Priority,FIFOMode
PA13.Signal=SYS_JTMS-SWDIO
Dma.SPI1_RX.0.FIFOMode=DMA_FIFOMODE_DISABLE
PF7.Mode=Full_Duplex_Master
Dma.SPI4_RX.3.MemInc=DMA_MINC_ENABLE
ProjectManager.TargetToolchain=STM32CubeIDE
SPI2.CRCCalculation=SPI_CRCCALCULATION_DISABLE
RCC.VcooutputI2SQ=96000000
SPI2.IPParameters=VirtualType,Mode,Direction,CalculateBaudRate,CRCCalculation,BaudRatePrescaler
ProjectManager.RegisterCallBack=
NVIC.DMA2_Stream3_IRQn=true\:0\:0\:false\:false\:true\:false\:true
NVIC.DMA2_Stream6_IRQn=true\:0\:0\:false\:false\:true\:false\:true
RCC.LSE_VALUE=32768
PA1.Signal=UART4_RX
PB1.Locked=true
PA0/WKUP.Mode=Asynchronous
PB10.Signal=SPI2_SCK
RCC.VCOI2SOutputFreq_Value=192000000
PA5.Signal=SPI1_SCK
PG14.Signal=SPI6_MOSI
PC12.Mode=Full_Duplex_Slave
board=custom
PG12.Mode=Full_Duplex_Slave
Dma.SPI2_TX.1.Direction=DMA_MEMORY_TO_PERIPH
RCC.VCOOutputFreq_Value=168000000
ProjectManager.LastFirmware=true
Dma.SPI5_RX.4.Instance=DMA2_Stream5
PH0/OSC_IN.Signal=RCC_OSC_IN
RCC.APB2Freq_Value=21000000
PA1.Mode=Asynchronous
PE6.Mode=Full_Duplex_Slave
Dma.SPI2_TX.1.PeriphDataAlignment=DMA_PDATAALIGN_BYTE
MxCube.Version=6.2.1
SPI1.Mode=SPI_MODE_MASTER
Dma.SPI2_TX.1.Priority=DMA_PRIORITY_LOW
Dma.SPI1_RX.0.Instance=DMA2_Stream0
PE5.Mode=Full_Duplex_Slave
NVIC.DMA2_Stream5_IRQn=true\:0\:0\:false\:false\:true\:false\:true
VP_SYS_VS_Systick.Mode=SysTick
Dma.SPI1_RX.0.PeriphDataAlignment=DMA_PDATAALIGN_BYTE
RCC.EthernetFreq_Value=84000000
Dma.SPI6_RX.5.MemDataAlignment=DMA_MDATAALIGN_BYTE
SPI6.Direction=SPI_DIRECTION_2LINES
Dma.SPI1_RX.0.MemDataAlignment=DMA_MDATAALIGN_BYTE
NVIC.NonMaskableInt_IRQn=true\:0\:0\:false\:false\:true\:false\:false
PA4.GPIOParameters=GPIO_PuPd
Dma.SPI4_RX.3.Mode=DMA_NORMAL
PE6.Signal=SPI4_MOSI
PA13.Mode=Serial_Wire
ProjectManager.FreePins=false
RCC.IPParameters=48MHZClocksFreq_Value,AHBFreq_Value,APB1CLKDivider,APB1Freq_Value,APB1TimFreq_Value,APB2CLKDivider,APB2Freq_Value,APB2TimFreq_Value,CortexFreq_Value,EthernetFreq_Value,FCLKCortexFreq_Value,FamilyName,HCLKFreq_Value,HSE_VALUE,HSI_VALUE,I2SClocksFreq_Value,LCDTFTFreq_Value,LSE_VALUE,LSI_VALUE,MCO2PinFreq_Value,PLLCLKFreq_Value,PLLM,PLLN,PLLQCLKFreq_Value,PLLSourceVirtual,RTCFreq_Value,RTCHSEDivFreq_Value,SAI_AClocksFreq_Value,SAI_BClocksFreq_Value,SYSCLKFreq_VALUE,SYSCLKSource,VCOI2SOutputFreq_Value,VCOInputFreq_Value,VCOOutputFreq_Value,VCOSAIOutputFreq_Value,VCOSAIOutputFreq_ValueQ,VCOSAIOutputFreq_ValueR,VcooutputI2S,VcooutputI2SQ
Dma.SPI3_RX.2.Mode=DMA_NORMAL
Dma.SPI6_RX.5.Priority=DMA_PRIORITY_LOW
ProjectManager.AskForMigrate=true
Mcu.Name=STM32F429Z(E-G)Tx
Mcu.Pin26=PG13
Mcu.Pin27=PG14
Dma.SPI1_RX.0.MemInc=DMA_MINC_ENABLE
RCC.RTCHSEDivFreq_Value=12500000
Mcu.Pin24=PC12
ProjectManager.UnderRoot=true
Mcu.Pin25=PG12
Mcu.IP8=SPI6
Mcu.IP9=SYS
Mcu.Pin28=VP_SYS_VS_Systick
Mcu.IP6=SPI4
Mcu.IP7=SPI5
ProjectManager.CoupleFile=true
RCC.48MHZClocksFreq_Value=42000000
PA4.Signal=GPIO_Output
RCC.SYSCLKFreq_VALUE=84000000
Mcu.Pin22=PC10
Mcu.Pin23=PC11
Mcu.Pin20=PA13
Mcu.Pin21=PA14
Dma.SPI5_RX.4.PeriphDataAlignment=DMA_PDATAALIGN_BYTE
NVIC.ForceEnableDMAVector=true
KeepUserPlacement=false
Dma.SPI3_RX.2.MemInc=DMA_MINC_ENABLE
NVIC.MemoryManagement_IRQn=true\:0\:0\:false\:false\:true\:false\:false
ProjectManager.CompilerOptimize=6
PA14.Signal=SYS_JTCK-SWCLK
ProjectManager.HeapSize=0x200
Mcu.Pin15=PA7
NVIC.HardFault_IRQn=true\:0\:0\:false\:false\:true\:false\:false
Mcu.Pin16=PB0
Mcu.Pin13=PA5
Mcu.Pin14=PA6
Dma.SPI1_RX.0.Priority=DMA_PRIORITY_LOW
Mcu.Pin19=PB10
ProjectManager.ComputerToolchain=false
PF9.Signal=SPI5_MOSI
Mcu.Pin17=PB1
RCC.HSI_VALUE=16000000
Mcu.Pin18=PG0
Dma.SPI4_RX.3.MemDataAlignment=DMA_MDATAALIGN_BYTE
Dma.SPI6_RX.5.PeriphInc=DMA_PINC_DISABLE
Dma.SPI4_RX.3.Instance=DMA2_Stream3
Dma.SPI5_RX.4.Mode=DMA_NORMAL
NVIC.PriorityGroup=NVIC_PRIORITYGROUP_4
Mcu.Pin11=PA1
Mcu.Pin12=PA4
RCC.PLLM=25
RCC.PLLN=168
Mcu.Pin10=PA0/WKUP
Dma.SPI3_RX.2.MemDataAlignment=DMA_MDATAALIGN_BYTE
RCC.APB1Freq_Value=42000000
SPI5.IPParameters=VirtualType,Mode,Direction,CalculateBaudRate,BaudRatePrescaler
PB0.Signal=GPIO_Output
Dma.SPI2_TX.1.MemDataAlignment=DMA_MDATAALIGN_BYTE
ProjectManager.DeviceId=STM32F429ZGTx
ProjectManager.LibraryCopy=2
Dma.SPI5_RX.4.Direction=DMA_PERIPH_TO_MEMORY
SPI6.VirtualType=VM_SLAVE
Dma.SPI4_RX.3.PeriphInc=DMA_PINC_DISABLE
SPI5.Direction=SPI_DIRECTION_2LINES
PA7.Signal=SPI1_MOSI
isbadioc=false
